
Microsoft Visual Studio Solution File, Format Version 12.00
# Visual Studio Version 17
VisualStudioVersion = 17.11.35219.272
MinimumVisualStudioVersion = 10.0.40219.1
Project("{8BC9CEB8-8B4A-11D0-8D11-00A0C91BC942}") = "EnumDesktopWnd", "EnumDesktopWnd\EnumDesktopWnd.vcxproj", "{CD3DD80B-C806-4938-90D0-61C2BEAB597B}"
EndProject
Project("{8BC9CEB8-8B4A-11D0-8D11-00A0C91BC942}") = "AudioCapture", "AudioCapture\AudioCapture.vcxproj", "{E6E9D5BA-FFF5-40BD-8BFB-022570033CE6}"
EndProject
Global
	GlobalSection(SolutionConfigurationPlatforms) = preSolution
		Debug|x64 = Debug|x64
		Debug|x86 = Debug|x86
		Release|x64 = Release|x64
		Release|x86 = Release|x86
	EndGlobalSection
	GlobalSection(ProjectConfigurationPlatforms) = postSolution
		{CD3DD80B-C806-4938-90D0-61C2BEAB597B}.Debug|x64.ActiveCfg = Debug|x64
		{CD3DD80B-C806-4938-90D0-61C2BEAB597B}.Debug|x64.Build.0 = Debug|x64
		{CD3DD80B-C806-4938-90D0-61C2BEAB597B}.Debug|x86.ActiveCfg = Debug|Win32
		{CD3DD80B-C806-4938-90D0-61C2BEAB597B}.Debug|x86.Build.0 = Debug|Win32
		{CD3DD80B-C806-4938-90D0-61C2BEAB597B}.Release|x64.ActiveCfg = Release|x64
		{CD3DD80B-C806-4938-90D0-61C2BEAB597B}.Release|x64.Build.0 = Release|x64
		{CD3DD80B-C806-4938-90D0-61C2BEAB597B}.Release|x86.ActiveCfg = Release|Win32
		{CD3DD80B-C806-4938-90D0-61C2BEAB597B}.Release|x86.Build.0 = Release|Win32
		{E6E9D5BA-FFF5-40BD-8BFB-022570033CE6}.Debug|x64.ActiveCfg = Debug|x64
		{E6E9D5BA-FFF5-40BD-8BFB-022570033CE6}.Debug|x64.Build.0 = Debug|x64
		{E6E9D5BA-FFF5-40BD-8BFB-022570033CE6}.Debug|x86.ActiveCfg = Debug|Win32
		{E6E9D5BA-FFF5-40BD-8BFB-022570033CE6}.Debug|x86.Build.0 = Debug|Win32
		{E6E9D5BA-FFF5-40BD-8BFB-022570033CE6}.Release|x64.ActiveCfg = Release|x64
		{E6E9D5BA-FFF5-40BD-8BFB-022570033CE6}.Release|x64.Build.0 = Release|x64
		{E6E9D5BA-FFF5-40BD-8BFB-022570033CE6}.Release|x86.ActiveCfg = Release|Win32
		{E6E9D5BA-FFF5-40BD-8BFB-022570033CE6}.Release|x86.Build.0 = Release|Win32
	EndGlobalSection
	GlobalSection(SolutionProperties) = preSolution
		HideSolutionNode = FALSE
	EndGlobalSection
	GlobalSection(ExtensibilityGlobals) = postSolution
		SolutionGuid = {7D1F6032-493C-4161-A8D1-3B38DC09983C}
	EndGlobalSection
EndGlobal
